// !$*UTF8*$!
{
	archiveVersion = 1;
	classes = {
	};
	objectVersion = 50;
	objects = {

/* Begin PBXBuildFile section */
		E2AF648720E2BC5D00DE4F66 /* AppDelegate.swift in Sources */ = {isa = PBXBuildFile; fileRef = E2AF648620E2BC5D00DE4F66 /* AppDelegate.swift */; };
		E2AF648920E2BC5D00DE4F66 /* MainViewController.swift in Sources */ = {isa = PBXBuildFile; fileRef = E2AF648820E2BC5D00DE4F66 /* MainViewController.swift */; };
		E2AF648C20E2BC5D00DE4F66 /* Main.storyboard in Resources */ = {isa = PBXBuildFile; fileRef = E2AF648A20E2BC5D00DE4F66 /* Main.storyboard */; };
		E2AF648E20E2BC5E00DE4F66 /* Assets.xcassets in Resources */ = {isa = PBXBuildFile; fileRef = E2AF648D20E2BC5E00DE4F66 /* Assets.xcassets */; };
		E2AF649120E2BC5E00DE4F66 /* LaunchScreen.storyboard in Resources */ = {isa = PBXBuildFile; fileRef = E2AF648F20E2BC5E00DE4F66 /* LaunchScreen.storyboard */; };
		E2AF649C20E2BC5E00DE4F66 /* MarketDeliveryTests.swift in Sources */ = {isa = PBXBuildFile; fileRef = E2AF649B20E2BC5E00DE4F66 /* MarketDeliveryTests.swift */; };
		E2AF64A720E2BC5E00DE4F66 /* MarketDeliveryUITests.swift in Sources */ = {isa = PBXBuildFile; fileRef = E2AF64A620E2BC5E00DE4F66 /* MarketDeliveryUITests.swift */; };
		E2AF64E820E2CA3000DE4F66 /* MarketDelivery.png in Resources */ = {isa = PBXBuildFile; fileRef = E2AF64E720E2CA3000DE4F66 /* MarketDelivery.png */; };
		E2AF64FC20E2CB1100DE4F66 /* icons-farinha.png in Resources */ = {isa = PBXBuildFile; fileRef = E2AF64E920E2CB0D00DE4F66 /* icons-farinha.png */; };
		E2AF64FD20E2CB1100DE4F66 /* icons-arroz.png in Resources */ = {isa = PBXBuildFile; fileRef = E2AF64EA20E2CB0E00DE4F66 /* icons-arroz.png */; };
		E2AF64FE20E2CB1100DE4F66 /* icons-leite.png in Resources */ = {isa = PBXBuildFile; fileRef = E2AF64EB20E2CB0E00DE4F66 /* icons-leite.png */; };
		E2AF64FF20E2CB1100DE4F66 /* icons-camarao.png in Resources */ = {isa = PBXBuildFile; fileRef = E2AF64EC20E2CB0E00DE4F66 /* icons-camarao.png */; };
		E2AF650020E2CB1100DE4F66 /* icons-pao.png in Resources */ = {isa = PBXBuildFile; fileRef = E2AF64ED20E2CB0E00DE4F66 /* icons-pao.png */; };
		E2AF650120E2CB1100DE4F66 /* icons-batata.png in Resources */ = {isa = PBXBuildFile; fileRef = E2AF64EE20E2CB0E00DE4F66 /* icons-batata.png */; };
		E2AF650220E2CB1100DE4F66 /* icons-moedas.png in Resources */ = {isa = PBXBuildFile; fileRef = E2AF64EF20E2CB0E00DE4F66 /* icons-moedas.png */; };
		E2AF650320E2CB1100DE4F66 /* icons-bife.png in Resources */ = {isa = PBXBuildFile; fileRef = E2AF64F020E2CB0F00DE4F66 /* icons-bife.png */; };
		E2AF650420E2CB1100DE4F66 /* icons-peixe.png in Resources */ = {isa = PBXBuildFile; fileRef = E2AF64F120E2CB0F00DE4F66 /* icons-peixe.png */; };
		E2AF650520E2CB1100DE4F66 /* icons-tomate.png in Resources */ = {isa = PBXBuildFile; fileRef = E2AF64F220E2CB0F00DE4F66 /* icons-tomate.png */; };
		E2AF650620E2CB1100DE4F66 /* icons-azeite.png in Resources */ = {isa = PBXBuildFile; fileRef = E2AF64F320E2CB0F00DE4F66 /* icons-azeite.png */; };
		E2AF650720E2CB1100DE4F66 /* icons-alho.png in Resources */ = {isa = PBXBuildFile; fileRef = E2AF64F420E2CB0F00DE4F66 /* icons-alho.png */; };
		E2AF650820E2CB1100DE4F66 /* icons-melao.png in Resources */ = {isa = PBXBuildFile; fileRef = E2AF64F520E2CB0F00DE4F66 /* icons-melao.png */; };
		E2AF650920E2CB1100DE4F66 /* icons-biscoitos.png in Resources */ = {isa = PBXBuildFile; fileRef = E2AF64F620E2CB1000DE4F66 /* icons-biscoitos.png */; };
		E2AF650A20E2CB1100DE4F66 /* icons-beterraba.png in Resources */ = {isa = PBXBuildFile; fileRef = E2AF64F720E2CB1000DE4F66 /* icons-beterraba.png */; };
		E2AF650B20E2CB1100DE4F66 /* icons-melancia.png in Resources */ = {isa = PBXBuildFile; fileRef = E2AF64F820E2CB1000DE4F66 /* icons-melancia.png */; };
		E2AF650C20E2CB1100DE4F66 /* icons-brocolis.png in Resources */ = {isa = PBXBuildFile; fileRef = E2AF64F920E2CB1000DE4F66 /* icons-brocolis.png */; };
		E2AF650D20E2CB1100DE4F66 /* icons-cenoura.png in Resources */ = {isa = PBXBuildFile; fileRef = E2AF64FA20E2CB1000DE4F66 /* icons-cenoura.png */; };
		E2AF650E20E2CB1100DE4F66 /* icons-mamao.png in Resources */ = {isa = PBXBuildFile; fileRef = E2AF64FB20E2CB1100DE4F66 /* icons-mamao.png */; };
		E2AF651820E3D78700DE4F66 /* Candle Mustard.ttf in Resources */ = {isa = PBXBuildFile; fileRef = E2AF651720E3D78600DE4F66 /* Candle Mustard.ttf */; };
		E2AF652120E5D73E00DE4F66 /* icon-voltar.png in Resources */ = {isa = PBXBuildFile; fileRef = E2AF651F20E5D73D00DE4F66 /* icon-voltar.png */; };
		E2AF652220E5D73E00DE4F66 /* icon-usuario.png in Resources */ = {isa = PBXBuildFile; fileRef = E2AF652020E5D73E00DE4F66 /* icon-usuario.png */; };
		E2AF652620E5E24C00DE4F66 /* icon-voltar-laranja.png in Resources */ = {isa = PBXBuildFile; fileRef = E2AF652320E5E24B00DE4F66 /* icon-voltar-laranja.png */; };
		E2AF652720E5E24C00DE4F66 /* icon-usuario-laranja.png in Resources */ = {isa = PBXBuildFile; fileRef = E2AF652420E5E24B00DE4F66 /* icon-usuario-laranja.png */; };
		E2AF652820E5E24C00DE4F66 /* icon-voltar-branco.png in Resources */ = {isa = PBXBuildFile; fileRef = E2AF652520E5E24C00DE4F66 /* icon-voltar-branco.png */; };
		E2AF652A20E5E2D200DE4F66 /* icon-mais-laranja.png in Resources */ = {isa = PBXBuildFile; fileRef = E2AF652920E5E2D200DE4F66 /* icon-mais-laranja.png */; };
		E2AF653020E5E86B00DE4F66 /* icon-lista.png in Resources */ = {isa = PBXBuildFile; fileRef = E2AF652B20E5E86800DE4F66 /* icon-lista.png */; };
		E2AF653220E5E86B00DE4F66 /* icon-circulo-azul.png in Resources */ = {isa = PBXBuildFile; fileRef = E2AF652D20E5E86900DE4F66 /* icon-circulo-azul.png */; };
		E2AF653320E5E86B00DE4F66 /* icon-adicionar-lista.png in Resources */ = {isa = PBXBuildFile; fileRef = E2AF652E20E5E86A00DE4F66 /* icon-adicionar-lista.png */; };
		E2AF653420E5E86B00DE4F66 /* icon-forma-pagamento.png in Resources */ = {isa = PBXBuildFile; fileRef = E2AF652F20E5E86A00DE4F66 /* icon-forma-pagamento.png */; };
		E2AF653620E5E93B00DE4F66 /* icon-circulo-laranja.png in Resources */ = {isa = PBXBuildFile; fileRef = E2AF653520E5E93B00DE4F66 /* icon-circulo-laranja.png */; };
		E2AF653820E5EB3700DE4F66 /* icon-sair.png in Resources */ = {isa = PBXBuildFile; fileRef = E2AF653720E5EB3600DE4F66 /* icon-sair.png */; };
		E2AF653A20E5EF1600DE4F66 /* sem carrinho.png in Resources */ = {isa = PBXBuildFile; fileRef = E2AF653920E5EF1500DE4F66 /* sem carrinho.png */; };
		E2AF653D20E909EC00DE4F66 /* ProdutosDAO.swift in Sources */ = {isa = PBXBuildFile; fileRef = E2AF653C20E909EC00DE4F66 /* ProdutosDAO.swift */; };
		E2AF653F20E90A7200DE4F66 /* Produto.swift in Sources */ = {isa = PBXBuildFile; fileRef = E2AF653E20E90A7200DE4F66 /* Produto.swift */; };
		E2AF654120E90AF100DE4F66 /* ProdutosMercadosDAO.swift in Sources */ = {isa = PBXBuildFile; fileRef = E2AF654020E90AF100DE4F66 /* ProdutosMercadosDAO.swift */; };
		E2AF654320E90B3D00DE4F66 /* ProdutosMercados.swift in Sources */ = {isa = PBXBuildFile; fileRef = E2AF654220E90B3D00DE4F66 /* ProdutosMercados.swift */; };
		E2AF654920E9245600DE4F66 /* createAlert.swift in Sources */ = {isa = PBXBuildFile; fileRef = E2AF654820E9245600DE4F66 /* createAlert.swift */; };
		E2AF654D20E93E1200DE4F66 /* LoginViewController.swift in Sources */ = {isa = PBXBuildFile; fileRef = E2AF654C20E93E1200DE4F66 /* LoginViewController.swift */; };
		E2AF655120E9488600DE4F66 /* HomeViewController.swift in Sources */ = {isa = PBXBuildFile; fileRef = E2AF655020E9488600DE4F66 /* HomeViewController.swift */; };
		E2AF655520E94C6A00DE4F66 /* ProdutoViewController.swift in Sources */ = {isa = PBXBuildFile; fileRef = E2AF655420E94C6A00DE4F66 /* ProdutoViewController.swift */; };
		E2AF655820E9538B00DE4F66 /* ProdutoTableViewCell.swift in Sources */ = {isa = PBXBuildFile; fileRef = E2AF655720E9538B00DE4F66 /* ProdutoTableViewCell.swift */; };
		E2AF655B20E998AE00DE4F66 /* MercadoViewController.swift in Sources */ = {isa = PBXBuildFile; fileRef = E2AF655A20E998AE00DE4F66 /* MercadoViewController.swift */; };
		E2AF656120E99BE100DE4F66 /* Mercados.swift in Sources */ = {isa = PBXBuildFile; fileRef = E2AF656020E99BE100DE4F66 /* Mercados.swift */; };
		E2AF656620E9A05F00DE4F66 /* DetalheCompraViewController.swift in Sources */ = {isa = PBXBuildFile; fileRef = E2AF656520E9A05F00DE4F66 /* DetalheCompraViewController.swift */; };
/* End PBXBuildFile section */

/* Begin PBXContainerItemProxy section */
		E2AF649820E2BC5E00DE4F66 /* PBXContainerItemProxy */ = {
			isa = PBXContainerItemProxy;
			containerPortal = E2AF647B20E2BC5D00DE4F66 /* Project object */;
			proxyType = 1;
			remoteGlobalIDString = E2AF648220E2BC5D00DE4F66;
			remoteInfo = MarketDelivery;
		};
		E2AF64A320E2BC5E00DE4F66 /* PBXContainerItemProxy */ = {
			isa = PBXContainerItemProxy;
			containerPortal = E2AF647B20E2BC5D00DE4F66 /* Project object */;
			proxyType = 1;
			remoteGlobalIDString = E2AF648220E2BC5D00DE4F66;
			remoteInfo = MarketDelivery;
		};
/* End PBXContainerItemProxy section */

/* Begin PBXFileReference section */
		E2AF648320E2BC5D00DE4F66 /* MarketDelivery.app */ = {isa = PBXFileReference; explicitFileType = wrapper.application; includeInIndex = 0; path = MarketDelivery.app; sourceTree = BUILT_PRODUCTS_DIR; };
		E2AF648620E2BC5D00DE4F66 /* AppDelegate.swift */ = {isa = PBXFileReference; lastKnownFileType = sourcecode.swift; path = AppDelegate.swift; sourceTree = "<group>"; };
		E2AF648820E2BC5D00DE4F66 /* MainViewController.swift */ = {isa = PBXFileReference; lastKnownFileType = sourcecode.swift; path = MainViewController.swift; sourceTree = "<group>"; };
		E2AF648B20E2BC5D00DE4F66 /* Base */ = {isa = PBXFileReference; lastKnownFileType = file.storyboard; name = Base; path = Base.lproj/Main.storyboard; sourceTree = "<group>"; };
		E2AF648D20E2BC5E00DE4F66 /* Assets.xcassets */ = {isa = PBXFileReference; lastKnownFileType = folder.assetcatalog; path = Assets.xcassets; sourceTree = "<group>"; };
		E2AF649020E2BC5E00DE4F66 /* Base */ = {isa = PBXFileReference; lastKnownFileType = file.storyboard; name = Base; path = Base.lproj/LaunchScreen.storyboard; sourceTree = "<group>"; };
		E2AF649220E2BC5E00DE4F66 /* Info.plist */ = {isa = PBXFileReference; lastKnownFileType = text.plist.xml; path = Info.plist; sourceTree = "<group>"; };
		E2AF649720E2BC5E00DE4F66 /* MarketDeliveryTests.xctest */ = {isa = PBXFileReference; explicitFileType = wrapper.cfbundle; includeInIndex = 0; path = MarketDeliveryTests.xctest; sourceTree = BUILT_PRODUCTS_DIR; };
		E2AF649B20E2BC5E00DE4F66 /* MarketDeliveryTests.swift */ = {isa = PBXFileReference; lastKnownFileType = sourcecode.swift; path = MarketDeliveryTests.swift; sourceTree = "<group>"; };
		E2AF649D20E2BC5E00DE4F66 /* Info.plist */ = {isa = PBXFileReference; lastKnownFileType = text.plist.xml; path = Info.plist; sourceTree = "<group>"; };
		E2AF64A220E2BC5E00DE4F66 /* MarketDeliveryUITests.xctest */ = {isa = PBXFileReference; explicitFileType = wrapper.cfbundle; includeInIndex = 0; path = MarketDeliveryUITests.xctest; sourceTree = BUILT_PRODUCTS_DIR; };
		E2AF64A620E2BC5E00DE4F66 /* MarketDeliveryUITests.swift */ = {isa = PBXFileReference; lastKnownFileType = sourcecode.swift; path = MarketDeliveryUITests.swift; sourceTree = "<group>"; };
		E2AF64A820E2BC5E00DE4F66 /* Info.plist */ = {isa = PBXFileReference; lastKnownFileType = text.plist.xml; path = Info.plist; sourceTree = "<group>"; };
		E2AF64E720E2CA3000DE4F66 /* MarketDelivery.png */ = {isa = PBXFileReference; lastKnownFileType = image.png; path = MarketDelivery.png; sourceTree = "<group>"; };
		E2AF64E920E2CB0D00DE4F66 /* icons-farinha.png */ = {isa = PBXFileReference; lastKnownFileType = image.png; path = "icons-farinha.png"; sourceTree = "<group>"; };
		E2AF64EA20E2CB0E00DE4F66 /* icons-arroz.png */ = {isa = PBXFileReference; lastKnownFileType = image.png; path = "icons-arroz.png"; sourceTree = "<group>"; };
		E2AF64EB20E2CB0E00DE4F66 /* icons-leite.png */ = {isa = PBXFileReference; lastKnownFileType = image.png; path = "icons-leite.png"; sourceTree = "<group>"; };
		E2AF64EC20E2CB0E00DE4F66 /* icons-camarao.png */ = {isa = PBXFileReference; lastKnownFileType = image.png; path = "icons-camarao.png"; sourceTree = "<group>"; };
		E2AF64ED20E2CB0E00DE4F66 /* icons-pao.png */ = {isa = PBXFileReference; lastKnownFileType = image.png; path = "icons-pao.png"; sourceTree = "<group>"; };
		E2AF64EE20E2CB0E00DE4F66 /* icons-batata.png */ = {isa = PBXFileReference; lastKnownFileType = image.png; path = "icons-batata.png"; sourceTree = "<group>"; };
		E2AF64EF20E2CB0E00DE4F66 /* icons-moedas.png */ = {isa = PBXFileReference; lastKnownFileType = image.png; path = "icons-moedas.png"; sourceTree = "<group>"; };
		E2AF64F020E2CB0F00DE4F66 /* icons-bife.png */ = {isa = PBXFileReference; lastKnownFileType = image.png; path = "icons-bife.png"; sourceTree = "<group>"; };
		E2AF64F120E2CB0F00DE4F66 /* icons-peixe.png */ = {isa = PBXFileReference; lastKnownFileType = image.png; path = "icons-peixe.png"; sourceTree = "<group>"; };
		E2AF64F220E2CB0F00DE4F66 /* icons-tomate.png */ = {isa = PBXFileReference; lastKnownFileType = image.png; path = "icons-tomate.png"; sourceTree = "<group>"; };
		E2AF64F320E2CB0F00DE4F66 /* icons-azeite.png */ = {isa = PBXFileReference; lastKnownFileType = image.png; path = "icons-azeite.png"; sourceTree = "<group>"; };
		E2AF64F420E2CB0F00DE4F66 /* icons-alho.png */ = {isa = PBXFileReference; lastKnownFileType = image.png; path = "icons-alho.png"; sourceTree = "<group>"; };
		E2AF64F520E2CB0F00DE4F66 /* icons-melao.png */ = {isa = PBXFileReference; lastKnownFileType = image.png; path = "icons-melao.png"; sourceTree = "<group>"; };
		E2AF64F620E2CB1000DE4F66 /* icons-biscoitos.png */ = {isa = PBXFileReference; lastKnownFileType = image.png; path = "icons-biscoitos.png"; sourceTree = "<group>"; };
		E2AF64F720E2CB1000DE4F66 /* icons-beterraba.png */ = {isa = PBXFileReference; lastKnownFileType = image.png; path = "icons-beterraba.png"; sourceTree = "<group>"; };
		E2AF64F820E2CB1000DE4F66 /* icons-melancia.png */ = {isa = PBXFileReference; lastKnownFileType = image.png; path = "icons-melancia.png"; sourceTree = "<group>"; };
		E2AF64F920E2CB1000DE4F66 /* icons-brocolis.png */ = {isa = PBXFileReference; lastKnownFileType = image.png; path = "icons-brocolis.png"; sourceTree = "<group>"; };
		E2AF64FA20E2CB1000DE4F66 /* icons-cenoura.png */ = {isa = PBXFileReference; lastKnownFileType = image.png; path = "icons-cenoura.png"; sourceTree = "<group>"; };
		E2AF64FB20E2CB1100DE4F66 /* icons-mamao.png */ = {isa = PBXFileReference; lastKnownFileType = image.png; path = "icons-mamao.png"; sourceTree = "<group>"; };
		E2AF651720E3D78600DE4F66 /* Candle Mustard.ttf */ = {isa = PBXFileReference; lastKnownFileType = file; name = "Candle Mustard.ttf"; path = "../../../Downloads/candle_mustard/Candle Mustard.ttf"; sourceTree = "<group>"; };
		E2AF651F20E5D73D00DE4F66 /* icon-voltar.png */ = {isa = PBXFileReference; lastKnownFileType = image.png; name = "icon-voltar.png"; path = "../../../../Downloads/icon-voltar.png"; sourceTree = "<group>"; };
		E2AF652020E5D73E00DE4F66 /* icon-usuario.png */ = {isa = PBXFileReference; lastKnownFileType = image.png; name = "icon-usuario.png"; path = "../../../../Downloads/icon-usuario.png"; sourceTree = "<group>"; };
		E2AF652320E5E24B00DE4F66 /* icon-voltar-laranja.png */ = {isa = PBXFileReference; lastKnownFileType = image.png; name = "icon-voltar-laranja.png"; path = "../../../../Downloads/icon-voltar-laranja.png"; sourceTree = "<group>"; };
		E2AF652420E5E24B00DE4F66 /* icon-usuario-laranja.png */ = {isa = PBXFileReference; lastKnownFileType = image.png; name = "icon-usuario-laranja.png"; path = "../../../../Downloads/icon-usuario-laranja.png"; sourceTree = "<group>"; };
		E2AF652520E5E24C00DE4F66 /* icon-voltar-branco.png */ = {isa = PBXFileReference; lastKnownFileType = image.png; name = "icon-voltar-branco.png"; path = "../../../../Downloads/icon-voltar-branco.png"; sourceTree = "<group>"; };
		E2AF652920E5E2D200DE4F66 /* icon-mais-laranja.png */ = {isa = PBXFileReference; lastKnownFileType = image.png; name = "icon-mais-laranja.png"; path = "../../../../Downloads/icon-mais-laranja.png"; sourceTree = "<group>"; };
		E2AF652B20E5E86800DE4F66 /* icon-lista.png */ = {isa = PBXFileReference; lastKnownFileType = image.png; name = "icon-lista.png"; path = "../../../../Downloads/icon-lista.png"; sourceTree = "<group>"; };
		E2AF652D20E5E86900DE4F66 /* icon-circulo-azul.png */ = {isa = PBXFileReference; lastKnownFileType = image.png; name = "icon-circulo-azul.png"; path = "../../../../Downloads/icon-circulo-azul.png"; sourceTree = "<group>"; };
		E2AF652E20E5E86A00DE4F66 /* icon-adicionar-lista.png */ = {isa = PBXFileReference; lastKnownFileType = image.png; name = "icon-adicionar-lista.png"; path = "../../../../Downloads/icon-adicionar-lista.png"; sourceTree = "<group>"; };
		E2AF652F20E5E86A00DE4F66 /* icon-forma-pagamento.png */ = {isa = PBXFileReference; lastKnownFileType = image.png; name = "icon-forma-pagamento.png"; path = "../../../../Downloads/icon-forma-pagamento.png"; sourceTree = "<group>"; };
		E2AF653520E5E93B00DE4F66 /* icon-circulo-laranja.png */ = {isa = PBXFileReference; lastKnownFileType = image.png; name = "icon-circulo-laranja.png"; path = "../../../../Downloads/icon-circulo-laranja.png"; sourceTree = "<group>"; };
		E2AF653720E5EB3600DE4F66 /* icon-sair.png */ = {isa = PBXFileReference; lastKnownFileType = image.png; name = "icon-sair.png"; path = "../../../../Downloads/icon-sair.png"; sourceTree = "<group>"; };
		E2AF653920E5EF1500DE4F66 /* sem carrinho.png */ = {isa = PBXFileReference; lastKnownFileType = image.png; name = "sem carrinho.png"; path = "../../../../Documents/sem carrinho.png"; sourceTree = "<group>"; };
		E2AF653C20E909EC00DE4F66 /* ProdutosDAO.swift */ = {isa = PBXFileReference; lastKnownFileType = sourcecode.swift; path = ProdutosDAO.swift; sourceTree = "<group>"; };
		E2AF653E20E90A7200DE4F66 /* Produto.swift */ = {isa = PBXFileReference; lastKnownFileType = sourcecode.swift; path = Produto.swift; sourceTree = "<group>"; };
		E2AF654020E90AF100DE4F66 /* ProdutosMercadosDAO.swift */ = {isa = PBXFileReference; lastKnownFileType = sourcecode.swift; path = ProdutosMercadosDAO.swift; sourceTree = "<group>"; };
		E2AF654220E90B3D00DE4F66 /* ProdutosMercados.swift */ = {isa = PBXFileReference; lastKnownFileType = sourcecode.swift; path = ProdutosMercados.swift; sourceTree = "<group>"; };
		E2AF654820E9245600DE4F66 /* createAlert.swift */ = {isa = PBXFileReference; lastKnownFileType = sourcecode.swift; path = createAlert.swift; sourceTree = "<group>"; };
		E2AF654C20E93E1200DE4F66 /* LoginViewController.swift */ = {isa = PBXFileReference; lastKnownFileType = sourcecode.swift; path = LoginViewController.swift; sourceTree = "<group>"; };
		E2AF655020E9488600DE4F66 /* HomeViewController.swift */ = {isa = PBXFileReference; lastKnownFileType = sourcecode.swift; path = HomeViewController.swift; sourceTree = "<group>"; };
		E2AF655420E94C6A00DE4F66 /* ProdutoViewController.swift */ = {isa = PBXFileReference; lastKnownFileType = sourcecode.swift; path = ProdutoViewController.swift; sourceTree = "<group>"; };
		E2AF655720E9538B00DE4F66 /* ProdutoTableViewCell.swift */ = {isa = PBXFileReference; lastKnownFileType = sourcecode.swift; path = ProdutoTableViewCell.swift; sourceTree = "<group>"; };
		E2AF655A20E998AE00DE4F66 /* MercadoViewController.swift */ = {isa = PBXFileReference; lastKnownFileType = sourcecode.swift; path = MercadoViewController.swift; sourceTree = "<group>"; };
		E2AF656020E99BE100DE4F66 /* Mercados.swift */ = {isa = PBXFileReference; lastKnownFileType = sourcecode.swift; path = Mercados.swift; sourceTree = "<group>"; };
		E2AF656520E9A05F00DE4F66 /* DetalheCompraViewController.swift */ = {isa = PBXFileReference; lastKnownFileType = sourcecode.swift; path = DetalheCompraViewController.swift; sourceTree = "<group>"; };
/* End PBXFileReference section */

/* Begin PBXFrameworksBuildPhase section */
		E2AF648020E2BC5D00DE4F66 /* Frameworks */ = {
			isa = PBXFrameworksBuildPhase;
			buildActionMask = 2147483647;
			files = (
			);
			runOnlyForDeploymentPostprocessing = 0;
		};
		E2AF649420E2BC5E00DE4F66 /* Frameworks */ = {
			isa = PBXFrameworksBuildPhase;
			buildActionMask = 2147483647;
			files = (
			);
			runOnlyForDeploymentPostprocessing = 0;
		};
		E2AF649F20E2BC5E00DE4F66 /* Frameworks */ = {
			isa = PBXFrameworksBuildPhase;
			buildActionMask = 2147483647;
			files = (
			);
			runOnlyForDeploymentPostprocessing = 0;
		};
/* End PBXFrameworksBuildPhase section */

/* Begin PBXGroup section */
		E2AF647A20E2BC5D00DE4F66 = {
			isa = PBXGroup;
			children = (
				E2AF648520E2BC5D00DE4F66 /* MarketDelivery */,
				E2AF649A20E2BC5E00DE4F66 /* MarketDeliveryTests */,
				E2AF64A520E2BC5E00DE4F66 /* MarketDeliveryUITests */,
				E2AF648420E2BC5D00DE4F66 /* Products */,
			);
			sourceTree = "<group>";
		};
		E2AF648420E2BC5D00DE4F66 /* Products */ = {
			isa = PBXGroup;
			children = (
				E2AF648320E2BC5D00DE4F66 /* MarketDelivery.app */,
				E2AF649720E2BC5E00DE4F66 /* MarketDeliveryTests.xctest */,
				E2AF64A220E2BC5E00DE4F66 /* MarketDeliveryUITests.xctest */,
			);
			name = Products;
			sourceTree = "<group>";
		};
		E2AF648520E2BC5D00DE4F66 /* MarketDelivery */ = {
			isa = PBXGroup;
			children = (
				E2AF656220E99E0500DE4F66 /* DetalheCompra */,
				E2AF651D20E5CB0900DE4F66 /* Produto */,
				E2AF651C20E5CAF400DE4F66 /* Mercado */,
				E2AF651B20E5CAEF00DE4F66 /* Main */,
				E2AF651E20E5CB1E00DE4F66 /* Login */,
				E2AF651A20E5CAE700DE4F66 /* Home */,
				E2AF653B20E909BD00DE4F66 /* Models */,
				E2AF648A20E2BC5D00DE4F66 /* Main.storyboard */,
				E2AF651920E5CA9D00DE4F66 /* Assets */,
				E2AF648620E2BC5D00DE4F66 /* AppDelegate.swift */,
				E2AF648D20E2BC5E00DE4F66 /* Assets.xcassets */,
				E2AF648F20E2BC5E00DE4F66 /* LaunchScreen.storyboard */,
				E2AF651720E3D78600DE4F66 /* Candle Mustard.ttf */,
				E2AF649220E2BC5E00DE4F66 /* Info.plist */,
			);
			path = MarketDelivery;
			sourceTree = "<group>";
		};
		E2AF649A20E2BC5E00DE4F66 /* MarketDeliveryTests */ = {
			isa = PBXGroup;
			children = (
				E2AF649B20E2BC5E00DE4F66 /* MarketDeliveryTests.swift */,
				E2AF649D20E2BC5E00DE4F66 /* Info.plist */,
			);
			path = MarketDeliveryTests;
			sourceTree = "<group>";
		};
		E2AF64A520E2BC5E00DE4F66 /* MarketDeliveryUITests */ = {
			isa = PBXGroup;
			children = (
				E2AF64A620E2BC5E00DE4F66 /* MarketDeliveryUITests.swift */,
				E2AF64A820E2BC5E00DE4F66 /* Info.plist */,
			);
			path = MarketDeliveryUITests;
			sourceTree = "<group>";
		};
		E2AF64B520E2C6F800DE4F66 /* Controller */ = {
			isa = PBXGroup;
			children = (
				E2AF648820E2BC5D00DE4F66 /* MainViewController.swift */,
			);
			path = Controller;
			sourceTree = "<group>";
		};
		E2AF651920E5CA9D00DE4F66 /* Assets */ = {
			isa = PBXGroup;
			children = (
				E2AF653920E5EF1500DE4F66 /* sem carrinho.png */,
				E2AF653720E5EB3600DE4F66 /* icon-sair.png */,
				E2AF653520E5E93B00DE4F66 /* icon-circulo-laranja.png */,
				E2AF652E20E5E86A00DE4F66 /* icon-adicionar-lista.png */,
				E2AF652D20E5E86900DE4F66 /* icon-circulo-azul.png */,
				E2AF652F20E5E86A00DE4F66 /* icon-forma-pagamento.png */,
				E2AF652B20E5E86800DE4F66 /* icon-lista.png */,
				E2AF652920E5E2D200DE4F66 /* icon-mais-laranja.png */,
				E2AF652420E5E24B00DE4F66 /* icon-usuario-laranja.png */,
				E2AF652520E5E24C00DE4F66 /* icon-voltar-branco.png */,
				E2AF652320E5E24B00DE4F66 /* icon-voltar-laranja.png */,
				E2AF652020E5D73E00DE4F66 /* icon-usuario.png */,
				E2AF651F20E5D73D00DE4F66 /* icon-voltar.png */,
				E2AF64F420E2CB0F00DE4F66 /* icons-alho.png */,
				E2AF64EA20E2CB0E00DE4F66 /* icons-arroz.png */,
				E2AF64F320E2CB0F00DE4F66 /* icons-azeite.png */,
				E2AF64EE20E2CB0E00DE4F66 /* icons-batata.png */,
				E2AF64F720E2CB1000DE4F66 /* icons-beterraba.png */,
				E2AF64F020E2CB0F00DE4F66 /* icons-bife.png */,
				E2AF64F620E2CB1000DE4F66 /* icons-biscoitos.png */,
				E2AF64F920E2CB1000DE4F66 /* icons-brocolis.png */,
				E2AF64EC20E2CB0E00DE4F66 /* icons-camarao.png */,
				E2AF64FA20E2CB1000DE4F66 /* icons-cenoura.png */,
				E2AF64E920E2CB0D00DE4F66 /* icons-farinha.png */,
				E2AF64EB20E2CB0E00DE4F66 /* icons-leite.png */,
				E2AF64FB20E2CB1100DE4F66 /* icons-mamao.png */,
				E2AF64F820E2CB1000DE4F66 /* icons-melancia.png */,
				E2AF64F520E2CB0F00DE4F66 /* icons-melao.png */,
				E2AF64EF20E2CB0E00DE4F66 /* icons-moedas.png */,
				E2AF64ED20E2CB0E00DE4F66 /* icons-pao.png */,
				E2AF64F120E2CB0F00DE4F66 /* icons-peixe.png */,
				E2AF64F220E2CB0F00DE4F66 /* icons-tomate.png */,
				E2AF64E720E2CA3000DE4F66 /* MarketDelivery.png */,
			);
			path = Assets;
			sourceTree = "<group>";
		};
		E2AF651A20E5CAE700DE4F66 /* Home */ = {
			isa = PBXGroup;
			children = (
				E2AF654F20E9487200DE4F66 /* Controller */,
				E2AF654E20E9486A00DE4F66 /* View */,
			);
			path = Home;
			sourceTree = "<group>";
		};
		E2AF651B20E5CAEF00DE4F66 /* Main */ = {
			isa = PBXGroup;
			children = (
				E2AF64B520E2C6F800DE4F66 /* Controller */,
			);
			path = Main;
			sourceTree = "<group>";
		};
		E2AF651C20E5CAF400DE4F66 /* Mercado */ = {
			isa = PBXGroup;
			children = (
				E2AF655920E9988900DE4F66 /* Controller */,
				E2AF655620E9535400DE4F66 /* View */,
			);
			path = Mercado;
			sourceTree = "<group>";
		};
		E2AF651D20E5CB0900DE4F66 /* Produto */ = {
			isa = PBXGroup;
			children = (
				E2AF655320E94C5500DE4F66 /* View */,
				E2AF655220E94C4E00DE4F66 /* Controller */,
			);
			path = Produto;
			sourceTree = "<group>";
		};
		E2AF651E20E5CB1E00DE4F66 /* Login */ = {
			isa = PBXGroup;
			children = (
				E2AF654420E922B700DE4F66 /* Controller */,
				E2AF654520E922C100DE4F66 /* View */,
			);
			path = Login;
			sourceTree = "<group>";
		};
		E2AF653B20E909BD00DE4F66 /* Models */ = {
			isa = PBXGroup;
			children = (
				E2AF653C20E909EC00DE4F66 /* ProdutosDAO.swift */,
				E2AF653E20E90A7200DE4F66 /* Produto.swift */,
				E2AF654020E90AF100DE4F66 /* ProdutosMercadosDAO.swift */,
				E2AF654220E90B3D00DE4F66 /* ProdutosMercados.swift */,
				E2AF654820E9245600DE4F66 /* createAlert.swift */,
				E2AF656020E99BE100DE4F66 /* Mercados.swift */,
			);
			path = Models;
			sourceTree = "<group>";
		};
		E2AF654420E922B700DE4F66 /* Controller */ = {
			isa = PBXGroup;
			children = (
				E2AF654C20E93E1200DE4F66 /* LoginViewController.swift */,
			);
			path = Controller;
			sourceTree = "<group>";
		};
		E2AF654520E922C100DE4F66 /* View */ = {
			isa = PBXGroup;
			children = (
			);
			path = View;
			sourceTree = "<group>";
		};
		E2AF654E20E9486A00DE4F66 /* View */ = {
			isa = PBXGroup;
			children = (
			);
			path = View;
			sourceTree = "<group>";
		};
		E2AF654F20E9487200DE4F66 /* Controller */ = {
			isa = PBXGroup;
			children = (
				E2AF655020E9488600DE4F66 /* HomeViewController.swift */,
			);
			path = Controller;
			sourceTree = "<group>";
		};
		E2AF655220E94C4E00DE4F66 /* Controller */ = {
			isa = PBXGroup;
			children = (
				E2AF655420E94C6A00DE4F66 /* ProdutoViewController.swift */,
			);
			path = Controller;
			sourceTree = "<group>";
		};
		E2AF655320E94C5500DE4F66 /* View */ = {
			isa = PBXGroup;
			children = (
				E2AF655720E9538B00DE4F66 /* ProdutoTableViewCell.swift */,
			);
			path = View;
			sourceTree = "<group>";
		};
		E2AF655620E9535400DE4F66 /* View */ = {
			isa = PBXGroup;
			children = (
			);
			path = View;
			sourceTree = "<group>";
		};
		E2AF655920E9988900DE4F66 /* Controller */ = {
			isa = PBXGroup;
			children = (
				E2AF655A20E998AE00DE4F66 /* MercadoViewController.swift */,
			);
			path = Controller;
			sourceTree = "<group>";
		};
		E2AF656220E99E0500DE4F66 /* DetalheCompra */ = {
			isa = PBXGroup;
			children = (
				E2AF656420E9A03000DE4F66 /* View */,
				E2AF656320E9A01E00DE4F66 /* Controller */,
			);
			path = DetalheCompra;
			sourceTree = "<group>";
		};
		E2AF656320E9A01E00DE4F66 /* Controller */ = {
			isa = PBXGroup;
			children = (
				E2AF656520E9A05F00DE4F66 /* DetalheCompraViewController.swift */,
			);
			path = Controller;
			sourceTree = "<group>";
		};
		E2AF656420E9A03000DE4F66 /* View */ = {
			isa = PBXGroup;
			children = (
			);
			path = View;
			sourceTree = "<group>";
		};
/* End PBXGroup section */

/* Begin PBXNativeTarget section */
		E2AF648220E2BC5D00DE4F66 /* MarketDelivery */ = {
			isa = PBXNativeTarget;
			buildConfigurationList = E2AF64AB20E2BC5E00DE4F66 /* Build configuration list for PBXNativeTarget "MarketDelivery" */;
			buildPhases = (
				E2AF647F20E2BC5D00DE4F66 /* Sources */,
				E2AF648020E2BC5D00DE4F66 /* Frameworks */,
				E2AF648120E2BC5D00DE4F66 /* Resources */,
			);
			buildRules = (
			);
			dependencies = (
			);
			name = MarketDelivery;
			productName = MarketDelivery;
			productReference = E2AF648320E2BC5D00DE4F66 /* MarketDelivery.app */;
			productType = "com.apple.product-type.application";
		};
		E2AF649620E2BC5E00DE4F66 /* MarketDeliveryTests */ = {
			isa = PBXNativeTarget;
			buildConfigurationList = E2AF64AE20E2BC5E00DE4F66 /* Build configuration list for PBXNativeTarget "MarketDeliveryTests" */;
			buildPhases = (
				E2AF649320E2BC5E00DE4F66 /* Sources */,
				E2AF649420E2BC5E00DE4F66 /* Frameworks */,
				E2AF649520E2BC5E00DE4F66 /* Resources */,
			);
			buildRules = (
			);
			dependencies = (
				E2AF649920E2BC5E00DE4F66 /* PBXTargetDependency */,
			);
			name = MarketDeliveryTests;
			productName = MarketDeliveryTests;
			productReference = E2AF649720E2BC5E00DE4F66 /* MarketDeliveryTests.xctest */;
			productType = "com.apple.product-type.bundle.unit-test";
		};
		E2AF64A120E2BC5E00DE4F66 /* MarketDeliveryUITests */ = {
			isa = PBXNativeTarget;
			buildConfigurationList = E2AF64B120E2BC5E00DE4F66 /* Build configuration list for PBXNativeTarget "MarketDeliveryUITests" */;
			buildPhases = (
				E2AF649E20E2BC5E00DE4F66 /* Sources */,
				E2AF649F20E2BC5E00DE4F66 /* Frameworks */,
				E2AF64A020E2BC5E00DE4F66 /* Resources */,
			);
			buildRules = (
			);
			dependencies = (
				E2AF64A420E2BC5E00DE4F66 /* PBXTargetDependency */,
			);
			name = MarketDeliveryUITests;
			productName = MarketDeliveryUITests;
			productReference = E2AF64A220E2BC5E00DE4F66 /* MarketDeliveryUITests.xctest */;
			productType = "com.apple.product-type.bundle.ui-testing";
		};
/* End PBXNativeTarget section */

/* Begin PBXProject section */
		E2AF647B20E2BC5D00DE4F66 /* Project object */ = {
			isa = PBXProject;
			attributes = {
				LastSwiftUpdateCheck = 0930;
				LastUpgradeCheck = 0930;
				ORGANIZATIONNAME = Macintosh;
				TargetAttributes = {
					E2AF648220E2BC5D00DE4F66 = {
						CreatedOnToolsVersion = 9.3;
					};
					E2AF649620E2BC5E00DE4F66 = {
						CreatedOnToolsVersion = 9.3;
						TestTargetID = E2AF648220E2BC5D00DE4F66;
					};
					E2AF64A120E2BC5E00DE4F66 = {
						CreatedOnToolsVersion = 9.3;
						TestTargetID = E2AF648220E2BC5D00DE4F66;
					};
				};
			};
			buildConfigurationList = E2AF647E20E2BC5D00DE4F66 /* Build configuration list for PBXProject "MarketDelivery" */;
			compatibilityVersion = "Xcode 9.3";
			developmentRegion = en;
			hasScannedForEncodings = 0;
			knownRegions = (
				en,
				Base,
			);
			mainGroup = E2AF647A20E2BC5D00DE4F66;
			productRefGroup = E2AF648420E2BC5D00DE4F66 /* Products */;
			projectDirPath = "";
			projectRoot = "";
			targets = (
				E2AF648220E2BC5D00DE4F66 /* MarketDelivery */,
				E2AF649620E2BC5E00DE4F66 /* MarketDeliveryTests */,
				E2AF64A120E2BC5E00DE4F66 /* MarketDeliveryUITests */,
			);
		};
/* End PBXProject section */

/* Begin PBXResourcesBuildPhase section */
		E2AF648120E2BC5D00DE4F66 /* Resources */ = {
			isa = PBXResourcesBuildPhase;
			buildActionMask = 2147483647;
			files = (
				E2AF653020E5E86B00DE4F66 /* icon-lista.png in Resources */,
				E2AF650520E2CB1100DE4F66 /* icons-tomate.png in Resources */,
				E2AF650220E2CB1100DE4F66 /* icons-moedas.png in Resources */,
				E2AF652720E5E24C00DE4F66 /* icon-usuario-laranja.png in Resources */,
				E2AF650C20E2CB1100DE4F66 /* icons-brocolis.png in Resources */,
				E2AF650020E2CB1100DE4F66 /* icons-pao.png in Resources */,
				E2AF653820E5EB3700DE4F66 /* icon-sair.png in Resources */,
				E2AF650120E2CB1100DE4F66 /* icons-batata.png in Resources */,
				E2AF650E20E2CB1100DE4F66 /* icons-mamao.png in Resources */,
				E2AF650820E2CB1100DE4F66 /* icons-melao.png in Resources */,
				E2AF650D20E2CB1100DE4F66 /* icons-cenoura.png in Resources */,
				E2AF653620E5E93B00DE4F66 /* icon-circulo-laranja.png in Resources */,
				E2AF653420E5E86B00DE4F66 /* icon-forma-pagamento.png in Resources */,
				E2AF651820E3D78700DE4F66 /* Candle Mustard.ttf in Resources */,
				E2AF652A20E5E2D200DE4F66 /* icon-mais-laranja.png in Resources */,
				E2AF64FE20E2CB1100DE4F66 /* icons-leite.png in Resources */,
				E2AF650920E2CB1100DE4F66 /* icons-biscoitos.png in Resources */,
				E2AF653220E5E86B00DE4F66 /* icon-circulo-azul.png in Resources */,
				E2AF650320E2CB1100DE4F66 /* icons-bife.png in Resources */,
				E2AF650B20E2CB1100DE4F66 /* icons-melancia.png in Resources */,
				E2AF64FF20E2CB1100DE4F66 /* icons-camarao.png in Resources */,
				E2AF652220E5D73E00DE4F66 /* icon-usuario.png in Resources */,
				E2AF649120E2BC5E00DE4F66 /* LaunchScreen.storyboard in Resources */,
				E2AF64FC20E2CB1100DE4F66 /* icons-farinha.png in Resources */,
				E2AF64E820E2CA3000DE4F66 /* MarketDelivery.png in Resources */,
				E2AF650420E2CB1100DE4F66 /* icons-peixe.png in Resources */,
				E2AF652120E5D73E00DE4F66 /* icon-voltar.png in Resources */,
				E2AF650A20E2CB1100DE4F66 /* icons-beterraba.png in Resources */,
				E2AF653A20E5EF1600DE4F66 /* sem carrinho.png in Resources */,
				E2AF64FD20E2CB1100DE4F66 /* icons-arroz.png in Resources */,
				E2AF652820E5E24C00DE4F66 /* icon-voltar-branco.png in Resources */,
				E2AF648E20E2BC5E00DE4F66 /* Assets.xcassets in Resources */,
				E2AF650620E2CB1100DE4F66 /* icons-azeite.png in Resources */,
				E2AF652620E5E24C00DE4F66 /* icon-voltar-laranja.png in Resources */,
				E2AF653320E5E86B00DE4F66 /* icon-adicionar-lista.png in Resources */,
				E2AF650720E2CB1100DE4F66 /* icons-alho.png in Resources */,
				E2AF648C20E2BC5D00DE4F66 /* Main.storyboard in Resources */,
			);
			runOnlyForDeploymentPostprocessing = 0;
		};
		E2AF649520E2BC5E00DE4F66 /* Resources */ = {
			isa = PBXResourcesBuildPhase;
			buildActionMask = 2147483647;
			files = (
			);
			runOnlyForDeploymentPostprocessing = 0;
		};
		E2AF64A020E2BC5E00DE4F66 /* Resources */ = {
			isa = PBXResourcesBuildPhase;
			buildActionMask = 2147483647;
			files = (
			);
			runOnlyForDeploymentPostprocessing = 0;
		};
/* End PBXResourcesBuildPhase section */

/* Begin PBXSourcesBuildPhase section */
		E2AF647F20E2BC5D00DE4F66 /* Sources */ = {
			isa = PBXSourcesBuildPhase;
			buildActionMask = 2147483647;
			files = (
				E2AF654920E9245600DE4F66 /* createAlert.swift in Sources */,
				E2AF653D20E909EC00DE4F66 /* ProdutosDAO.swift in Sources */,
				E2AF654320E90B3D00DE4F66 /* ProdutosMercados.swift in Sources */,
				E2AF655B20E998AE00DE4F66 /* MercadoViewController.swift in Sources */,
				E2AF654120E90AF100DE4F66 /* ProdutosMercadosDAO.swift in Sources */,
				E2AF655520E94C6A00DE4F66 /* ProdutoViewController.swift in Sources */,
				E2AF656620E9A05F00DE4F66 /* DetalheCompraViewController.swift in Sources */,
				E2AF654D20E93E1200DE4F66 /* LoginViewController.swift in Sources */,
				E2AF655820E9538B00DE4F66 /* ProdutoTableViewCell.swift in Sources */,
				E2AF655120E9488600DE4F66 /* HomeViewController.swift in Sources */,
				E2AF653F20E90A7200DE4F66 /* Produto.swift in Sources */,
				E2AF648920E2BC5D00DE4F66 /* MainViewController.swift in Sources */,
				E2AF656120E99BE100DE4F66 /* Mercados.swift in Sources */,
				E2AF648720E2BC5D00DE4F66 /* AppDelegate.swift in Sources */,
			);
			runOnlyForDeploymentPostprocessing = 0;
		};
		E2AF649320E2BC5E00DE4F66 /* Sources */ = {
			isa = PBXSourcesBuildPhase;
			buildActionMask = 2147483647;
			files = (
				E2AF649C20E2BC5E00DE4F66 /* MarketDeliveryTests.swift in Sources */,
			);
			runOnlyForDeploymentPostprocessing = 0;
		};
		E2AF649E20E2BC5E00DE4F66 /* Sources */ = {
			isa = PBXSourcesBuildPhase;
			buildActionMask = 2147483647;
			files = (
				E2AF64A720E2BC5E00DE4F66 /* MarketDeliveryUITests.swift in Sources */,
			);
			runOnlyForDeploymentPostprocessing = 0;
		};
/* End PBXSourcesBuildPhase section */

/* Begin PBXTargetDependency section */
		E2AF649920E2BC5E00DE4F66 /* PBXTargetDependency */ = {
			isa = PBXTargetDependency;
			target = E2AF648220E2BC5D00DE4F66 /* MarketDelivery */;
			targetProxy = E2AF649820E2BC5E00DE4F66 /* PBXContainerItemProxy */;
		};
		E2AF64A420E2BC5E00DE4F66 /* PBXTargetDependency */ = {
			isa = PBXTargetDependency;
			target = E2AF648220E2BC5D00DE4F66 /* MarketDelivery */;
			targetProxy = E2AF64A320E2BC5E00DE4F66 /* PBXContainerItemProxy */;
		};
/* End PBXTargetDependency section */

/* Begin PBXVariantGroup section */
		E2AF648A20E2BC5D00DE4F66 /* Main.storyboard */ = {
			isa = PBXVariantGroup;
			children = (
				E2AF648B20E2BC5D00DE4F66 /* Base */,
			);
			name = Main.storyboard;
			sourceTree = "<group>";
		};
		E2AF648F20E2BC5E00DE4F66 /* LaunchScreen.storyboard */ = {
			isa = PBXVariantGroup;
			children = (
				E2AF649020E2BC5E00DE4F66 /* Base */,
			);
			name = LaunchScreen.storyboard;
			sourceTree = "<group>";
		};
/* End PBXVariantGroup section */

/* Begin XCBuildConfiguration section */
		E2AF64A920E2BC5E00DE4F66 /* Debug */ = {
			isa = XCBuildConfiguration;
			buildSettings = {
				ALWAYS_SEARCH_USER_PATHS = NO;
				CLANG_ANALYZER_NONNULL = YES;
				CLANG_ANALYZER_NUMBER_OBJECT_CONVERSION = YES_AGGRESSIVE;
				CLANG_CXX_LANGUAGE_STANDARD = "gnu++14";
				CLANG_CXX_LIBRARY = "libc++";
				CLANG_ENABLE_MODULES = YES;
				CLANG_ENABLE_OBJC_ARC = YES;
				CLANG_ENABLE_OBJC_WEAK = YES;
				CLANG_WARN_BLOCK_CAPTURE_AUTORELEASING = YES;
				CLANG_WARN_BOOL_CONVERSION = YES;
				CLANG_WARN_COMMA = YES;
				CLANG_WARN_CONSTANT_CONVERSION = YES;
				CLANG_WARN_DEPRECATED_OBJC_IMPLEMENTATIONS = YES;
				CLANG_WARN_DIRECT_OBJC_ISA_USAGE = YES_ERROR;
				CLANG_WARN_DOCUMENTATION_COMMENTS = YES;
				CLANG_WARN_EMPTY_BODY = YES;
				CLANG_WARN_ENUM_CONVERSION = YES;
				CLANG_WARN_INFINITE_RECURSION = YES;
				CLANG_WARN_INT_CONVERSION = YES;
				CLANG_WARN_NON_LITERAL_NULL_CONVERSION = YES;
				CLANG_WARN_OBJC_IMPLICIT_RETAIN_SELF = YES;
				CLANG_WARN_OBJC_LITERAL_CONVERSION = YES;
				CLANG_WARN_OBJC_ROOT_CLASS = YES_ERROR;
				CLANG_WARN_RANGE_LOOP_ANALYSIS = YES;
				CLANG_WARN_STRICT_PROTOTYPES = YES;
				CLANG_WARN_SUSPICIOUS_MOVE = YES;
				CLANG_WARN_UNGUARDED_AVAILABILITY = YES_AGGRESSIVE;
				CLANG_WARN_UNREACHABLE_CODE = YES;
				CLANG_WARN__DUPLICATE_METHOD_MATCH = YES;
				CODE_SIGN_IDENTITY = "iPhone Developer";
				COPY_PHASE_STRIP = NO;
				DEBUG_INFORMATION_FORMAT = dwarf;
				ENABLE_STRICT_OBJC_MSGSEND = YES;
				ENABLE_TESTABILITY = YES;
				GCC_C_LANGUAGE_STANDARD = gnu11;
				GCC_DYNAMIC_NO_PIC = NO;
				GCC_NO_COMMON_BLOCKS = YES;
				GCC_OPTIMIZATION_LEVEL = 0;
				GCC_PREPROCESSOR_DEFINITIONS = (
					"DEBUG=1",
					"$(inherited)",
				);
				GCC_WARN_64_TO_32_BIT_CONVERSION = YES;
				GCC_WARN_ABOUT_RETURN_TYPE = YES_ERROR;
				GCC_WARN_UNDECLARED_SELECTOR = YES;
				GCC_WARN_UNINITIALIZED_AUTOS = YES_AGGRESSIVE;
				GCC_WARN_UNUSED_FUNCTION = YES;
				GCC_WARN_UNUSED_VARIABLE = YES;
				IPHONEOS_DEPLOYMENT_TARGET = 11.3;
				MTL_ENABLE_DEBUG_INFO = YES;
				ONLY_ACTIVE_ARCH = YES;
				SDKROOT = iphoneos;
				SWIFT_ACTIVE_COMPILATION_CONDITIONS = DEBUG;
				SWIFT_OPTIMIZATION_LEVEL = "-Onone";
			};
			name = Debug;
		};
		E2AF64AA20E2BC5E00DE4F66 /* Release */ = {
			isa = XCBuildConfiguration;
			buildSettings = {
				ALWAYS_SEARCH_USER_PATHS = NO;
				CLANG_ANALYZER_NONNULL = YES;
				CLANG_ANALYZER_NUMBER_OBJECT_CONVERSION = YES_AGGRESSIVE;
				CLANG_CXX_LANGUAGE_STANDARD = "gnu++14";
				CLANG_CXX_LIBRARY = "libc++";
				CLANG_ENABLE_MODULES = YES;
				CLANG_ENABLE_OBJC_ARC = YES;
				CLANG_ENABLE_OBJC_WEAK = YES;
				CLANG_WARN_BLOCK_CAPTURE_AUTORELEASING = YES;
				CLANG_WARN_BOOL_CONVERSION = YES;
				CLANG_WARN_COMMA = YES;
				CLANG_WARN_CONSTANT_CONVERSION = YES;
				CLANG_WARN_DEPRECATED_OBJC_IMPLEMENTATIONS = YES;
				CLANG_WARN_DIRECT_OBJC_ISA_USAGE = YES_ERROR;
				CLANG_WARN_DOCUMENTATION_COMMENTS = YES;
				CLANG_WARN_EMPTY_BODY = YES;
				CLANG_WARN_ENUM_CONVERSION = YES;
				CLANG_WARN_INFINITE_RECURSION = YES;
				CLANG_WARN_INT_CONVERSION = YES;
				CLANG_WARN_NON_LITERAL_NULL_CONVERSION = YES;
				CLANG_WARN_OBJC_IMPLICIT_RETAIN_SELF = YES;
				CLANG_WARN_OBJC_LITERAL_CONVERSION = YES;
				CLANG_WARN_OBJC_ROOT_CLASS = YES_ERROR;
				CLANG_WARN_RANGE_LOOP_ANALYSIS = YES;
				CLANG_WARN_STRICT_PROTOTYPES = YES;
				CLANG_WARN_SUSPICIOUS_MOVE = YES;
				CLANG_WARN_UNGUARDED_AVAILABILITY = YES_AGGRESSIVE;
				CLANG_WARN_UNREACHABLE_CODE = YES;
				CLANG_WARN__DUPLICATE_METHOD_MATCH = YES;
				CODE_SIGN_IDENTITY = "iPhone Developer";
				COPY_PHASE_STRIP = NO;
				DEBUG_INFORMATION_FORMAT = "dwarf-with-dsym";
				ENABLE_NS_ASSERTIONS = NO;
				ENABLE_STRICT_OBJC_MSGSEND = YES;
				GCC_C_LANGUAGE_STANDARD = gnu11;
				GCC_NO_COMMON_BLOCKS = YES;
				GCC_WARN_64_TO_32_BIT_CONVERSION = YES;
				GCC_WARN_ABOUT_RETURN_TYPE = YES_ERROR;
				GCC_WARN_UNDECLARED_SELECTOR = YES;
				GCC_WARN_UNINITIALIZED_AUTOS = YES_AGGRESSIVE;
				GCC_WARN_UNUSED_FUNCTION = YES;
				GCC_WARN_UNUSED_VARIABLE = YES;
				IPHONEOS_DEPLOYMENT_TARGET = 11.3;
				MTL_ENABLE_DEBUG_INFO = NO;
				SDKROOT = iphoneos;
				SWIFT_COMPILATION_MODE = wholemodule;
				SWIFT_OPTIMIZATION_LEVEL = "-O";
				VALIDATE_PRODUCT = YES;
			};
			name = Release;
		};
		E2AF64AC20E2BC5E00DE4F66 /* Debug */ = {
			isa = XCBuildConfiguration;
			buildSettings = {
				ASSETCATALOG_COMPILER_APPICON_NAME = AppIcon;
				CODE_SIGN_STYLE = Automatic;
				INFOPLIST_FILE = MarketDelivery/Info.plist;
				LD_RUNPATH_SEARCH_PATHS = (
					"$(inherited)",
					"@executable_path/Frameworks",
				);
				PRODUCT_BUNDLE_IDENTIFIER = br.com.asantesso.MarketDelivery;
				PRODUCT_NAME = "$(TARGET_NAME)";
				SWIFT_VERSION = 4.0;
				TARGETED_DEVICE_FAMILY = "1,2";
			};
			name = Debug;
		};
		E2AF64AD20E2BC5E00DE4F66 /* Release */ = {
			isa = XCBuildConfiguration;
			buildSettings = {
				ASSETCATALOG_COMPILER_APPICON_NAME = AppIcon;
				CODE_SIGN_STYLE = Automatic;
				INFOPLIST_FILE = MarketDelivery/Info.plist;
				LD_RUNPATH_SEARCH_PATHS = (
					"$(inherited)",
					"@executable_path/Frameworks",
				);
				PRODUCT_BUNDLE_IDENTIFIER = br.com.asantesso.MarketDelivery;
				PRODUCT_NAME = "$(TARGET_NAME)";
				SWIFT_VERSION = 4.0;
				TARGETED_DEVICE_FAMILY = "1,2";
			};
			name = Release;
		};
		E2AF64AF20E2BC5E00DE4F66 /* Debug */ = {
			isa = XCBuildConfiguration;
			buildSettings = {
				ALWAYS_EMBED_SWIFT_STANDARD_LIBRARIES = YES;
				BUNDLE_LOADER = "$(TEST_HOST)";
				CODE_SIGN_STYLE = Automatic;
				INFOPLIST_FILE = MarketDeliveryTests/Info.plist;
				LD_RUNPATH_SEARCH_PATHS = (
					"$(inherited)",
					"@executable_path/Frameworks",
					"@loader_path/Frameworks",
				);
				PRODUCT_BUNDLE_IDENTIFIER = br.com.asantesso.MarketDeliveryTests;
				PRODUCT_NAME = "$(TARGET_NAME)";
				SWIFT_VERSION = 4.0;
				TARGETED_DEVICE_FAMILY = "1,2";
				TEST_HOST = "$(BUILT_PRODUCTS_DIR)/MarketDelivery.app/MarketDelivery";
			};
			name = Debug;
		};
		E2AF64B020E2BC5E00DE4F66 /* Release */ = {
			isa = XCBuildConfiguration;
			buildSettings = {
				ALWAYS_EMBED_SWIFT_STANDARD_LIBRARIES = YES;
				BUNDLE_LOADER = "$(TEST_HOST)";
				CODE_SIGN_STYLE = Automatic;
				INFOPLIST_FILE = MarketDeliveryTests/Info.plist;
				LD_RUNPATH_SEARCH_PATHS = (
					"$(inherited)",
					"@executable_path/Frameworks",
					"@loader_path/Frameworks",
				);
				PRODUCT_BUNDLE_IDENTIFIER = br.com.asantesso.MarketDeliveryTests;
				PRODUCT_NAME = "$(TARGET_NAME)";
				SWIFT_VERSION = 4.0;
				TARGETED_DEVICE_FAMILY = "1,2";
				TEST_HOST = "$(BUILT_PRODUCTS_DIR)/MarketDelivery.app/MarketDelivery";
			};
			name = Release;
		};
		E2AF64B220E2BC5E00DE4F66 /* Debug */ = {
			isa = XCBuildConfiguration;
			buildSettings = {
				ALWAYS_EMBED_SWIFT_STANDARD_LIBRARIES = YES;
				CODE_SIGN_STYLE = Automatic;
				INFOPLIST_FILE = MarketDeliveryUITests/Info.plist;
				LD_RUNPATH_SEARCH_PATHS = (
					"$(inherited)",
					"@executable_path/Frameworks",
					"@loader_path/Frameworks",
				);
				PRODUCT_BUNDLE_IDENTIFIER = br.com.asantesso.MarketDeliveryUITests;
				PRODUCT_NAME = "$(TARGET_NAME)";
				SWIFT_VERSION = 4.0;
				TARGETED_DEVICE_FAMILY = "1,2";
				TEST_TARGET_NAME = MarketDelivery;
			};
			name = Debug;
		};
		E2AF64B320E2BC5E00DE4F66 /* Release */ = {
			isa = XCBuildConfiguration;
			buildSettings = {
				ALWAYS_EMBED_SWIFT_STANDARD_LIBRARIES = YES;
				CODE_SIGN_STYLE = Automatic;
				INFOPLIST_FILE = MarketDeliveryUITests/Info.plist;
				LD_RUNPATH_SEARCH_PATHS = (
					"$(inherited)",
					"@executable_path/Frameworks",
					"@loader_path/Frameworks",
				);
				PRODUCT_BUNDLE_IDENTIFIER = br.com.asantesso.MarketDeliveryUITests;
				PRODUCT_NAME = "$(TARGET_NAME)";
				SWIFT_VERSION = 4.0;
				TARGETED_DEVICE_FAMILY = "1,2";
				TEST_TARGET_NAME = MarketDelivery;
			};
			name = Release;
		};
/* End XCBuildConfiguration section */

/* Begin XCConfigurationList section */
		E2AF647E20E2BC5D00DE4F66 /* Build configuration list for PBXProject "MarketDelivery" */ = {
			isa = XCConfigurationList;
			buildConfigurations = (
				E2AF64A920E2BC5E00DE4F66 /* Debug */,
				E2AF64AA20E2BC5E00DE4F66 /* Release */,
			);
			defaultConfigurationIsVisible = 0;
			defaultConfigurationName = Release;
		};
		E2AF64AB20E2BC5E00DE4F66 /* Build configuration list for PBXNativeTarget "MarketDelivery" */ = {
			isa = XCConfigurationList;
			buildConfigurations = (
				E2AF64AC20E2BC5E00DE4F66 /* Debug */,
				E2AF64AD20E2BC5E00DE4F66 /* Release */,
			);
			defaultConfigurationIsVisible = 0;
			defaultConfigurationName = Release;
		};
		E2AF64AE20E2BC5E00DE4F66 /* Build configuration list for PBXNativeTarget "MarketDeliveryTests" */ = {
			isa = XCConfigurationList;
			buildConfigurations = (
				E2AF64AF20E2BC5E00DE4F66 /* Debug */,
				E2AF64B020E2BC5E00DE4F66 /* Release */,
			);
			defaultConfigurationIsVisible = 0;
			defaultConfigurationName = Release;
		};
		E2AF64B120E2BC5E00DE4F66 /* Build configuration list for PBXNativeTarget "MarketDeliveryUITests" */ = {
			isa = XCConfigurationList;
			buildConfigurations = (
				E2AF64B220E2BC5E00DE4F66 /* Debug */,
				E2AF64B320E2BC5E00DE4F66 /* Release */,
			);
			defaultConfigurationIsVisible = 0;
			defaultConfigurationName = Release;
		};
/* End XCConfigurationList section */
	};
	rootObject = E2AF647B20E2BC5D00DE4F66 /* Project object */;
}
